
Microsoft Visual Studio Solution File, Format Version 12.00
# Visual Studio Version 16
VisualStudioVersion = 16.0.29020.237
MinimumVisualStudioVersion = 10.0.40219.1
Project("{FAE04EC0-301F-11D3-BF4B-00C04F79EFBC}") = "WebSocket", "WebSocket\WebSocket.csproj", "{883D07C6-1CC6-44F9-8CB4-16E9CBDEEFB8}"
EndProject
Global
	GlobalSection(SolutionConfigurationPlatforms) = preSolution
		Debug|Any CPU = Debug|Any CPU
		Release|Any CPU = Release|Any CPU
	EndGlobalSection
	GlobalSection(ProjectConfigurationPlatforms) = postSolution
		{883D07C6-1CC6-44F9-8CB4-16E9CBDEEFB8}.Debug|Any CPU.ActiveCfg = Debug|Any CPU
		{883D07C6-1CC6-44F9-8CB4-16E9CBDEEFB8}.Debug|Any CPU.Build.0 = Debug|Any CPU
		{883D07C6-1CC6-44F9-8CB4-16E9CBDEEFB8}.Release|Any CPU.ActiveCfg = Release|Any CPU
		{883D07C6-1CC6-44F9-8CB4-16E9CBDEEFB8}.Release|Any CPU.Build.0 = Release|Any CPU
	EndGlobalSection
	GlobalSection(SolutionProperties) = preSolution
		HideSolutionNode = FALSE
	EndGlobalSection
	GlobalSection(ExtensibilityGlobals) = postSolution
		SolutionGuid = {67079DFB-775D-4EAF-BF03-A27BF81D8F79}
	EndGlobalSection
EndGlobal
